
Microsoft Visual Studio Solution File, Format Version 12.00
# Visual Studio Version 16
VisualStudioVersion = 16.0.29519.87
MinimumVisualStudioVersion = 10.0.40219.1
Project("{F2A71F9B-5D33-465A-A702-920D77279786}") = "Sql", "Sql\Sql.fsproj", "{B76144BB-F0EF-43E8-A342-F2B430F60EBE}"
EndProject
Global
	GlobalSection(SolutionConfigurationPlatforms) = preSolution
		Debug|Any CPU = Debug|Any CPU
		Release|Any CPU = Release|Any CPU
	EndGlobalSection
	GlobalSection(ProjectConfigurationPlatforms) = postSolution
		{B76144BB-F0EF-43E8-A342-F2B430F60EBE}.Debug|Any CPU.ActiveCfg = Debug|Any CPU
		{B76144BB-F0EF-43E8-A342-F2B430F60EBE}.Debug|Any CPU.Build.0 = Debug|Any CPU
		{B76144BB-F0EF-43E8-A342-F2B430F60EBE}.Release|Any CPU.ActiveCfg = Release|Any CPU
		{B76144BB-F0EF-43E8-A342-F2B430F60EBE}.Release|Any CPU.Build.0 = Release|Any CPU
	EndGlobalSection
	GlobalSection(SolutionProperties) = preSolution
		HideSolutionNode = FALSE
	EndGlobalSection
	GlobalSection(ExtensibilityGlobals) = postSolution
		SolutionGuid = {16601129-AA60-4B3F-9335-26B2AAD23A96}
	EndGlobalSection
EndGlobal
